// !$*UTF8*$!
{
	archiveVersion = 1;
	classes = {
	};
	objectVersion = 70;
	objects = {

/* Begin PBXBuildFile section */
		A80C03952F8BE53C00B94C7F /* FirebaseAppCheck in Frameworks */ = {isa = PBXBuildFile; productRef = A80C03942F8BE53C00B94C7F /* FirebaseAppCheck */; };
		A82302592F8AB876007968C3 /* FirebaseAnalyticsCore in Frameworks */ = {isa = PBXBuildFile; productRef = A82302582F8AB876007968C3 /* FirebaseAnalyticsCore */; };
		A845E7E82F8C080D00E6EE1E /* RemoteDataModels in Frameworks */ = {isa = PBXBuildFile; productRef = A845E7E72F8C080D00E6EE1E /* RemoteDataModels */; };
		A8E731D22F8BE53C00B94C7F /* Dependencies in Frameworks */ = {isa = PBXBuildFile; productRef = F471CAA12CC835280093FB7E /* Dependencies */; };
		A90110032F8C100000B94C7F /* AyoWidgetCacheStore in Frameworks */ = {isa = PBXBuildFile; productRef = A90110022F8C100000B94C7F /* AyoWidgetCacheStore */; };
		A90110052F8C100000B94C7F /* AyoWidgetCacheStore in Frameworks */ = {isa = PBXBuildFile; productRef = A90110042F8C100000B94C7F /* AyoWidgetCacheStore */; };
		A90110072F8C100000B94C7F /* AyoWidgetCacheStore in Frameworks */ = {isa = PBXBuildFile; productRef = A90110062F8C100000B94C7F /* AyoWidgetCacheStore */; };
		F40635DC2CC4006B00F0493B /* WidgetKit.framework in Frameworks */ = {isa = PBXBuildFile; fileRef = F40635DB2CC4006B00F0493B /* WidgetKit.framework */; };
		F40635DE2CC4006B00F0493B /* SwiftUI.framework in Frameworks */ = {isa = PBXBuildFile; fileRef = F40635DD2CC4006B00F0493B /* SwiftUI.framework */; };
		F40635EF2CC4006D00F0493B /* WidgetsExtension.appex in Embed Foundation Extensions */ = {isa = PBXBuildFile; fileRef = F40635DA2CC4006B00F0493B /* WidgetsExtension.appex */; settings = {ATTRIBUTES = (RemoveHeadersOnCopy, ); }; };
		F41701BC2CD7F27D00049318 /* HapticsConfiguration in Frameworks */ = {isa = PBXBuildFile; productRef = F41701BB2CD7F27D00049318 /* HapticsConfiguration */; };
		F41AB9532CCD100E009FBDCA /* TooltipsSession in Frameworks */ = {isa = PBXBuildFile; productRef = F41AB9522CCD100E009FBDCA /* TooltipsSession */; };
		F41E501E2C8CB0B50095AEBE /* Resources in Frameworks */ = {isa = PBXBuildFile; productRef = F41E501D2C8CB0B50095AEBE /* Resources */; };
		F41E50222C8CC1670095AEBE /* UIKitPrivateExtensions in Frameworks */ = {isa = PBXBuildFile; productRef = F41E50212C8CC1670095AEBE /* UIKitPrivateExtensions */; };
		F438E7CE2CC54B81008652F1 /* FirebaseAuth in Frameworks */ = {isa = PBXBuildFile; productRef = F438E7CD2CC54B81008652F1 /* FirebaseAuth */; };
		F438E7D02CC54B81008652F1 /* FirebaseCrashlytics in Frameworks */ = {isa = PBXBuildFile; productRef = F438E7CF2CC54B81008652F1 /* FirebaseCrashlytics */; };
		F438E7D22CC54B81008652F1 /* FirebaseDatabase in Frameworks */ = {isa = PBXBuildFile; productRef = F438E7D12CC54B81008652F1 /* FirebaseDatabase */; };
		F438E7D62CC54B81008652F1 /* FirebaseFirestore in Frameworks */ = {isa = PBXBuildFile; productRef = F438E7D52CC54B81008652F1 /* FirebaseFirestore */; };
		F438E7DA2CC54B81008652F1 /* FirebaseMessaging in Frameworks */ = {isa = PBXBuildFile; productRef = F438E7D92CC54B81008652F1 /* FirebaseMessaging */; };
		F438E7DC2CC54B81008652F1 /* FirebasePerformance in Frameworks */ = {isa = PBXBuildFile; productRef = F438E7DB2CC54B81008652F1 /* FirebasePerformance */; };
		F438E7DE2CC54B81008652F1 /* FirebaseRemoteConfig in Frameworks */ = {isa = PBXBuildFile; productRef = F438E7DD2CC54B81008652F1 /* FirebaseRemoteConfig */; };
		F438E7FD2CC55FA3008652F1 /* AnalyticsSession in Frameworks */ = {isa = PBXBuildFile; productRef = F438E7FC2CC55FA3008652F1 /* AnalyticsSession */; };
		F438E8012CC55FA3008652F1 /* ConversationsSession in Frameworks */ = {isa = PBXBuildFile; productRef = F438E8002CC55FA3008652F1 /* ConversationsSession */; };
		F438E8032CC55FA3008652F1 /* RemoteDataModels in Frameworks */ = {isa = PBXBuildFile; productRef = F438E8022CC55FA3008652F1 /* RemoteDataModels */; };
		F438E8052CC55FA3008652F1 /* StoreSession in Frameworks */ = {isa = PBXBuildFile; productRef = F438E8042CC55FA3008652F1 /* StoreSession */; };
		F438E8082CC56293008652F1 /* ProfileSession in Frameworks */ = {isa = PBXBuildFile; productRef = F438E8072CC56293008652F1 /* ProfileSession */; };
		F43AA43B2CD7E79E006AE0C5 /* AppHealthSession in Frameworks */ = {isa = PBXBuildFile; productRef = F43AA43A2CD7E79E006AE0C5 /* AppHealthSession */; };
		F43AA43D2CD7E873006AE0C5 /* ForceUpdateUI in Frameworks */ = {isa = PBXBuildFile; productRef = F43AA43C2CD7E873006AE0C5 /* ForceUpdateUI */; };
		F44971302C8AB058009CC650 /* CombineExtensions in Frameworks */ = {isa = PBXBuildFile; productRef = F449712F2C8AB058009CC650 /* CombineExtensions */; };
		F44971342C8AB058009CC650 /* StateMachine in Frameworks */ = {isa = PBXBuildFile; productRef = F44971332C8AB058009CC650 /* StateMachine */; };
		F449713A2C8AB058009CC650 /* FirebaseExtensions in Frameworks */ = {isa = PBXBuildFile; productRef = F44971392C8AB058009CC650 /* FirebaseExtensions */; };
		F449713C2C8AB058009CC650 /* FoundationExtensions in Frameworks */ = {isa = PBXBuildFile; productRef = F449713B2C8AB058009CC650 /* FoundationExtensions */; };
		F449713E2C8AB058009CC650 /* LoggerExtensions in Frameworks */ = {isa = PBXBuildFile; productRef = F449713D2C8AB058009CC650 /* LoggerExtensions */; };
		F44971402C8AB058009CC650 /* UIComponents in Frameworks */ = {isa = PBXBuildFile; productRef = F449713F2C8AB058009CC650 /* UIComponents */; };
		F44971422C8AB058009CC650 /* UIKitExtensions in Frameworks */ = {isa = PBXBuildFile; productRef = F44971412C8AB058009CC650 /* UIKitExtensions */; };
		F44AF6FF2E25030E00FB0AAD /* WaveDistortionView in Frameworks */ = {isa = PBXBuildFile; productRef = F44AF6FE2E25030E00FB0AAD /* WaveDistortionView */; };
		F44AF7012E25032100FB0AAD /* ParticleDissolveEffect in Frameworks */ = {isa = PBXBuildFile; productRef = F44AF7002E25032100FB0AAD /* ParticleDissolveEffect */; };
		F450BB6C2C96F7F800997982 /* CryptoUtils in Frameworks */ = {isa = PBXBuildFile; productRef = F450BB6B2C96F7F800997982 /* CryptoUtils */; };
		F450BB6E2C96F7F800997982 /* Utils in Frameworks */ = {isa = PBXBuildFile; productRef = F450BB6D2C96F7F800997982 /* Utils */; };
		F45D02D22CD8020600FE9137 /* AuthSession in Frameworks */ = {isa = PBXBuildFile; productRef = F45D02D12CD8020600FE9137 /* AuthSession */; };
		F45D02DA2CD8097200FE9137 /* HapticsConfiguration in Frameworks */ = {isa = PBXBuildFile; productRef = F45D02D92CD8097200FE9137 /* HapticsConfiguration */; };
		F45D02DC2CD8097900FE9137 /* HapticsConfiguration in Frameworks */ = {isa = PBXBuildFile; productRef = F45D02DB2CD8097900FE9137 /* HapticsConfiguration */; };
		F471CAA22CC835280093FB7E /* Dependencies in Frameworks */ = {isa = PBXBuildFile; productRef = F471CAA12CC835280093FB7E /* Dependencies */; };
		F471CAAA2CC854A90093FB7E /* AppIntentVocabulary.plist in Resources */ = {isa = PBXBuildFile; fileRef = F471CAA92CC854A90093FB7E /* AppIntentVocabulary.plist */; };
		F477949F2BE80FD900320E63 /* Base in Resources */ = {isa = PBXBuildFile; fileRef = F477949E2BE80FD900320E63 /* Base */; };
		F47795932BE811E700320E63 /* Dependencies in Frameworks */ = {isa = PBXBuildFile; productRef = F47795922BE811E700320E63 /* Dependencies */; };
		F47795982BE811F300320E63 /* PinLayout in Frameworks */ = {isa = PBXBuildFile; productRef = F47795972BE811F300320E63 /* PinLayout */; };
		F47797472BE8161E00320E63 /* MCEmojiPicker in Frameworks */ = {isa = PBXBuildFile; productRef = F47797462BE8161E00320E63 /* MCEmojiPicker */; };
		F47990612CB51F2F000FA9D5 /* PrivacyInfo.xcprivacy in Resources */ = {isa = PBXBuildFile; fileRef = F47990602CB51F2F000FA9D5 /* PrivacyInfo.xcprivacy */; };
		F4C3BAD32CC44DF700DB44CF /* Intents.framework in Frameworks */ = {isa = PBXBuildFile; fileRef = F498F2C52CC43FAB00E5DDBC /* Intents.framework */; };
		F4C3BADA2CC44DF700DB44CF /* AyoIntentExtension.appex in Embed Foundation Extensions */ = {isa = PBXBuildFile; fileRef = F4C3BAD22CC44DF700DB44CF /* AyoIntentExtension.appex */; settings = {ATTRIBUTES = (RemoveHeadersOnCopy, ); }; };
		F4CCC5B42CC6D9170040F6A2 /* LinksFactory in Frameworks */ = {isa = PBXBuildFile; productRef = F4CCC5B32CC6D9170040F6A2 /* LinksFactory */; };
		F4CCC5B62CC6D9620040F6A2 /* LinksFactory in Frameworks */ = {isa = PBXBuildFile; productRef = F4CCC5B52CC6D9620040F6A2 /* LinksFactory */; };
		F4EAEAED2CD8124B00FB1AF4 /* RegistrationUI in Frameworks */ = {isa = PBXBuildFile; productRef = F4EAEAEC2CD8124B00FB1AF4 /* RegistrationUI */; };
		F4F609B22CC5BD7A000483E1 /* WidgetsSession in Frameworks */ = {isa = PBXBuildFile; productRef = F4F609B12CC5BD7A000483E1 /* WidgetsSession */; };
		F4F6FD932CC57423000483E1 /* Resources in Frameworks */ = {isa = PBXBuildFile; productRef = F4F6FD922CC57423000483E1 /* Resources */; };
		F4F6FDA32CC57959000483E1 /* UIKitExtensions in Frameworks */ = {isa = PBXBuildFile; productRef = F4F6FDA22CC57959000483E1 /* UIKitExtensions */; };
		F4FC43A52CD5322F00888289 /* InvitesSession in Frameworks */ = {isa = PBXBuildFile; productRef = F4FC43A42CD5322F00888289 /* InvitesSession */; };
/* End PBXBuildFile section */

/* Begin PBXContainerItemProxy section */
		F40635ED2CC4006D00F0493B /* PBXContainerItemProxy */ = {
			isa = PBXContainerItemProxy;
			containerPortal = F47794872BE80FD800320E63 /* Project object */;
			proxyType = 1;
			remoteGlobalIDString = F40635D92CC4006B00F0493B;
			remoteInfo = WidgetsExtension;
		};
		F4C3BAD82CC44DF700DB44CF /* PBXContainerItemProxy */ = {
			isa = PBXContainerItemProxy;
			containerPortal = F47794872BE80FD800320E63 /* Project object */;
			proxyType = 1;
			remoteGlobalIDString = F4C3BAD12CC44DF700DB44CF;
			remoteInfo = AyoIntentExtension;
		};
/* End PBXContainerItemProxy section */

/* Begin PBXCopyFilesBuildPhase section */
		F40635F02CC4006D00F0493B /* Embed Foundation Extensions */ = {
			isa = PBXCopyFilesBuildPhase;
			buildActionMask = 2147483647;
			dstPath = "";
			dstSubfolderSpec = 13;
			files = (
				F4C3BADA2CC44DF700DB44CF /* AyoIntentExtension.appex in Embed Foundation Extensions */,
				F40635EF2CC4006D00F0493B /* WidgetsExtension.appex in Embed Foundation Extensions */,
			);
			name = "Embed Foundation Extensions";
			runOnlyForDeploymentPostprocessing = 0;
		};
/* End PBXCopyFilesBuildPhase section */

/* Begin PBXFileReference section */
		A90110012F8C100000B94C7F /* AyoWidgetCacheStore */ = {isa = PBXFileReference; lastKnownFileType = wrapper; path = AyoWidgetCacheStore; sourceTree = "<group>"; };
		A9B100022F8D900000000001 /* Project.xcconfig */ = {isa = PBXFileReference; lastKnownFileType = text.xcconfig; path = Project.xcconfig; sourceTree = "<group>"; };
		A9B100032F8D900000000001 /* Haptics.xcconfig */ = {isa = PBXFileReference; lastKnownFileType = text.xcconfig; path = Haptics.xcconfig; sourceTree = "<group>"; };
		A9B100042F8D900000000001 /* Widgets.xcconfig */ = {isa = PBXFileReference; lastKnownFileType = text.xcconfig; path = Widgets.xcconfig; sourceTree = "<group>"; };
		A9B100052F8D900000000001 /* AyoIntentExtension.xcconfig */ = {isa = PBXFileReference; lastKnownFileType = text.xcconfig; path = AyoIntentExtension.xcconfig; sourceTree = "<group>"; };
		A9B100062F8D900000000001 /* GoogleService-Info.plist.example */ = {isa = PBXFileReference; lastKnownFileType = text.plist.xml; path = "GoogleService-Info.plist.example"; sourceTree = "<group>"; };
		A9B100072F8D900000000001 /* GoogleService-Info.plist.example */ = {isa = PBXFileReference; lastKnownFileType = text.plist.xml; path = "GoogleService-Info.plist.example"; sourceTree = "<group>"; };
		A9B100082F8D900000000001 /* GoogleService-Info.plist.example */ = {isa = PBXFileReference; lastKnownFileType = text.plist.xml; path = "GoogleService-Info.plist.example"; sourceTree = "<group>"; };
		F40635DA2CC4006B00F0493B /* WidgetsExtension.appex */ = {isa = PBXFileReference; explicitFileType = "wrapper.app-extension"; includeInIndex = 0; path = WidgetsExtension.appex; sourceTree = BUILT_PRODUCTS_DIR; };
		F40635DB2CC4006B00F0493B /* WidgetKit.framework */ = {isa = PBXFileReference; lastKnownFileType = wrapper.framework; name = WidgetKit.framework; path = System/Library/Frameworks/WidgetKit.framework; sourceTree = SDKROOT; };
		F40635DD2CC4006B00F0493B /* SwiftUI.framework */ = {isa = PBXFileReference; lastKnownFileType = wrapper.framework; name = SwiftUI.framework; path = System/Library/Frameworks/SwiftUI.framework; sourceTree = SDKROOT; };
		F41AB9512CCD09AD009FBDCA /* TooltipsSession */ = {isa = PBXFileReference; lastKnownFileType = wrapper; path = TooltipsSession; sourceTree = "<group>"; };
		F438E7F62CC5524C008652F1 /* AnalyticsSession */ = {isa = PBXFileReference; lastKnownFileType = wrapper; path = AnalyticsSession; sourceTree = "<group>"; };
		F438E7F72CC553B1008652F1 /* RemoteDataModels */ = {isa = PBXFileReference; lastKnownFileType = wrapper; path = RemoteDataModels; sourceTree = "<group>"; };
		F438E7F82CC555C9008652F1 /* ConversationsSession */ = {isa = PBXFileReference; lastKnownFileType = wrapper; path = ConversationsSession; sourceTree = "<group>"; };
		F438E7F92CC55925008652F1 /* StoreSession */ = {isa = PBXFileReference; lastKnownFileType = wrapper; path = StoreSession; sourceTree = "<group>"; };
		F438E7FB2CC55B9C008652F1 /* UniversalActions */ = {isa = PBXFileReference; lastKnownFileType = wrapper; path = UniversalActions; sourceTree = "<group>"; };
		F438E8062CC560EF008652F1 /* ProfileSession */ = {isa = PBXFileReference; lastKnownFileType = wrapper; path = ProfileSession; sourceTree = "<group>"; };
		F44AF6F12E2137B800FB0AAD /* CombineExtensions */ = {isa = PBXFileReference; lastKnownFileType = wrapper; path = CombineExtensions; sourceTree = "<group>"; };
		F44AF6F22E2137C200FB0AAD /* Configurations */ = {isa = PBXFileReference; lastKnownFileType = wrapper; path = Configurations; sourceTree = "<group>"; };
		F44AF6F32E2137C200FB0AAD /* DataStructures */ = {isa = PBXFileReference; lastKnownFileType = wrapper; path = DataStructures; sourceTree = "<group>"; };
		F44AF6F42E2137C200FB0AAD /* Effects */ = {isa = PBXFileReference; lastKnownFileType = wrapper; path = Effects; sourceTree = "<group>"; };
		F44AF6F52E2137C200FB0AAD /* FirebaseExtensions */ = {isa = PBXFileReference; lastKnownFileType = wrapper; path = FirebaseExtensions; sourceTree = "<group>"; };
		F44AF6F62E2137C200FB0AAD /* FoundationExtensions */ = {isa = PBXFileReference; lastKnownFileType = wrapper; path = FoundationExtensions; sourceTree = "<group>"; };
		F44AF6F72E2137C200FB0AAD /* LoggerExtensions */ = {isa = PBXFileReference; lastKnownFileType = wrapper; path = LoggerExtensions; sourceTree = "<group>"; };
		F44AF6F82E2137C200FB0AAD /* Resources */ = {isa = PBXFileReference; lastKnownFileType = wrapper; path = Resources; sourceTree = "<group>"; };
		F44AF6F92E2137C200FB0AAD /* SharedSessions */ = {isa = PBXFileReference; lastKnownFileType = wrapper; path = SharedSessions; sourceTree = "<group>"; };
		F44AF6FA2E2137C200FB0AAD /* SharedUI */ = {isa = PBXFileReference; lastKnownFileType = wrapper; path = SharedUI; sourceTree = "<group>"; };
		F44AF6FB2E2137C200FB0AAD /* UIComponents */ = {isa = PBXFileReference; lastKnownFileType = wrapper; path = UIComponents; sourceTree = "<group>"; };
		F44AF6FC2E2137C200FB0AAD /* UIKitExtensions */ = {isa = PBXFileReference; lastKnownFileType = wrapper; path = UIKitExtensions; sourceTree = "<group>"; };
		F44AF6FD2E2137C200FB0AAD /* Utils */ = {isa = PBXFileReference; lastKnownFileType = wrapper; path = Utils; sourceTree = "<group>"; };
		F471CAA92CC854A90093FB7E /* AppIntentVocabulary.plist */ = {isa = PBXFileReference; lastKnownFileType = text.plist.xml; path = AppIntentVocabulary.plist; sourceTree = "<group>"; };
		F477948F2BE80FD800320E63 /* Haptics.app */ = {isa = PBXFileReference; explicitFileType = wrapper.application; includeInIndex = 0; path = Haptics.app; sourceTree = BUILT_PRODUCTS_DIR; };
		F477949E2BE80FD900320E63 /* Base */ = {isa = PBXFileReference; lastKnownFileType = file.storyboard; name = Base; path = Base.lproj/LaunchScreen.storyboard; sourceTree = "<group>"; };
		F47794A02BE80FD900320E63 /* Info.plist */ = {isa = PBXFileReference; lastKnownFileType = text.plist.xml; path = Info.plist; sourceTree = "<group>"; };
		F47797482BE81D2800320E63 /* Haptics.entitlements */ = {isa = PBXFileReference; lastKnownFileType = text.plist.entitlements; path = Haptics.entitlements; sourceTree = "<group>"; };
		F47990602CB51F2F000FA9D5 /* PrivacyInfo.xcprivacy */ = {isa = PBXFileReference; lastKnownFileType = text.xml; path = PrivacyInfo.xcprivacy; sourceTree = "<group>"; };
		F498F2C52CC43FAB00E5DDBC /* Intents.framework */ = {isa = PBXFileReference; lastKnownFileType = wrapper.framework; name = Intents.framework; path = System/Library/Frameworks/Intents.framework; sourceTree = SDKROOT; };
		F4C3BAD22CC44DF700DB44CF /* AyoIntentExtension.appex */ = {isa = PBXFileReference; explicitFileType = "wrapper.app-extension"; includeInIndex = 0; path = AyoIntentExtension.appex; sourceTree = BUILT_PRODUCTS_DIR; };
		F4C3BAF62CC4585700DB44CF /* Info.plist */ = {isa = PBXFileReference; lastKnownFileType = text.plist.xml; path = Info.plist; sourceTree = "<group>"; };
		F4C3BAFF2CC4585C00DB44CF /* Info.plist */ = {isa = PBXFileReference; lastKnownFileType = text.plist.xml; path = Info.plist; sourceTree = "<group>"; };
		F4CCC5B22CC6D8310040F6A2 /* LinksFactory */ = {isa = PBXFileReference; lastKnownFileType = wrapper; path = LinksFactory; sourceTree = "<group>"; };
		F4F609AE2CC58BA8000483E1 /* AyoIntentExtension.entitlements */ = {isa = PBXFileReference; lastKnownFileType = text.plist.entitlements; path = AyoIntentExtension.entitlements; sourceTree = "<group>"; };
		F4F609AF2CC5AD7C000483E1 /* WidgetsExtension.entitlements */ = {isa = PBXFileReference; lastKnownFileType = text.plist.entitlements; path = WidgetsExtension.entitlements; sourceTree = "<group>"; };
		F4F609B02CC5B74E000483E1 /* WidgetsSession */ = {isa = PBXFileReference; lastKnownFileType = wrapper; path = WidgetsSession; sourceTree = "<group>"; };
		F4FC43A32CD51F4B00888289 /* InvitesSession */ = {isa = PBXFileReference; lastKnownFileType = wrapper; path = InvitesSession; sourceTree = "<group>"; };
/* End PBXFileReference section */

/* Begin PBXFileSystemSynchronizedBuildFileExceptionSet section */
		A80617372F8AC9FC00EAC9F4 /* PBXFileSystemSynchronizedBuildFileExceptionSet */ = {
			isa = PBXFileSystemSynchronizedBuildFileExceptionSet;
			membershipExceptions = (
				DataFlow/SiriIntent/AyoWidgetConfiguration.intentdefinition,
			);
			target = F477948E2BE80FD800320E63 /* Haptics */;
		};
		A80617382F8AC9FC00EAC9F4 /* PBXFileSystemSynchronizedBuildFileExceptionSet */ = {
			isa = PBXFileSystemSynchronizedBuildFileExceptionSet;
			membershipExceptions = (
				DataFlow/SiriIntent/AyoWidgetConfiguration.intentdefinition,
			);
			target = F4C3BAD12CC44DF700DB44CF /* AyoIntentExtension */;
		};
/* End PBXFileSystemSynchronizedBuildFileExceptionSet section */

/* Begin PBXFileSystemSynchronizedRootGroup section */
		A80616692F8AC98D00EAC9F4 /* Sources */ = {isa = PBXFileSystemSynchronizedRootGroup; explicitFileTypes = {}; explicitFolders = (); path = Sources; sourceTree = "<group>"; };
		A80616F72F8AC9E700EAC9F4 /* Resources */ = {isa = PBXFileSystemSynchronizedRootGroup; explicitFileTypes = {}; explicitFolders = (); path = Resources; sourceTree = "<group>"; };
		A806171F2F8AC9FB00EAC9F4 /* Sources */ = {isa = PBXFileSystemSynchronizedRootGroup; exceptions = (A80617372F8AC9FC00EAC9F4 /* PBXFileSystemSynchronizedBuildFileExceptionSet */, A80617382F8AC9FC00EAC9F4 /* PBXFileSystemSynchronizedBuildFileExceptionSet */, ); explicitFileTypes = {}; explicitFolders = (); path = Sources; sourceTree = "<group>"; };
		A806173C2F8ACA0100EAC9F4 /* Resources */ = {isa = PBXFileSystemSynchronizedRootGroup; explicitFileTypes = {}; explicitFolders = (); path = Resources; sourceTree = "<group>"; };
		A80617422F8ACA0D00EAC9F4 /* Sources */ = {isa = PBXFileSystemSynchronizedRootGroup; explicitFileTypes = {}; explicitFolders = (); path = Sources; sourceTree = "<group>"; };
/* End PBXFileSystemSynchronizedRootGroup section */

/* Begin PBXFrameworksBuildPhase section */
		F40635D72CC4006B00F0493B /* Frameworks */ = {
			isa = PBXFrameworksBuildPhase;
			buildActionMask = 2147483647;
			files = (
				F4F6FD932CC57423000483E1 /* Resources in Frameworks */,
				F4F6FDA32CC57959000483E1 /* UIKitExtensions in Frameworks */,
				F4CCC5B62CC6D9620040F6A2 /* LinksFactory in Frameworks */,
				A90110052F8C100000B94C7F /* AyoWidgetCacheStore in Frameworks */,
				F45D02DA2CD8097200FE9137 /* HapticsConfiguration in Frameworks */,
				A845E7E82F8C080D00E6EE1E /* RemoteDataModels in Frameworks */,
				F40635DE2CC4006B00F0493B /* SwiftUI.framework in Frameworks */,
				F40635DC2CC4006B00F0493B /* WidgetKit.framework in Frameworks */,
				F471CAA22CC835280093FB7E /* Dependencies in Frameworks */,
			);
			runOnlyForDeploymentPostprocessing = 0;
		};
		F477948C2BE80FD800320E63 /* Frameworks */ = {
			isa = PBXFrameworksBuildPhase;
			buildActionMask = 2147483647;
			files = (
				F438E7DA2CC54B81008652F1 /* FirebaseMessaging in Frameworks */,
				F4CCC5B42CC6D9170040F6A2 /* LinksFactory in Frameworks */,
				F44971402C8AB058009CC650 /* UIComponents in Frameworks */,
				F44971422C8AB058009CC650 /* UIKitExtensions in Frameworks */,
				F44971302C8AB058009CC650 /* CombineExtensions in Frameworks */,
				F438E8052CC55FA3008652F1 /* StoreSession in Frameworks */,
				F41E50222C8CC1670095AEBE /* UIKitPrivateExtensions in Frameworks */,
				F438E8012CC55FA3008652F1 /* ConversationsSession in Frameworks */,
				A80C03952F8BE53C00B94C7F /* FirebaseAppCheck in Frameworks */,
				F47797472BE8161E00320E63 /* MCEmojiPicker in Frameworks */,
				F438E7D02CC54B81008652F1 /* FirebaseCrashlytics in Frameworks */,
				F47795932BE811E700320E63 /* Dependencies in Frameworks */,
				F449713C2C8AB058009CC650 /* FoundationExtensions in Frameworks */,
				F45D02D22CD8020600FE9137 /* AuthSession in Frameworks */,
				F43AA43D2CD7E873006AE0C5 /* ForceUpdateUI in Frameworks */,
				F4F609B22CC5BD7A000483E1 /* WidgetsSession in Frameworks */,
				A90110032F8C100000B94C7F /* AyoWidgetCacheStore in Frameworks */,
				F41701BC2CD7F27D00049318 /* HapticsConfiguration in Frameworks */,
				F438E8082CC56293008652F1 /* ProfileSession in Frameworks */,
				F450BB6C2C96F7F800997982 /* CryptoUtils in Frameworks */,
				F43AA43B2CD7E79E006AE0C5 /* AppHealthSession in Frameworks */,
				A82302592F8AB876007968C3 /* FirebaseAnalyticsCore in Frameworks */,
				F438E8032CC55FA3008652F1 /* RemoteDataModels in Frameworks */,
				F44AF6FF2E25030E00FB0AAD /* WaveDistortionView in Frameworks */,
				F44971342C8AB058009CC650 /* StateMachine in Frameworks */,
				F4FC43A52CD5322F00888289 /* InvitesSession in Frameworks */,
				F438E7DC2CC54B81008652F1 /* FirebasePerformance in Frameworks */,
				F4EAEAED2CD8124B00FB1AF4 /* RegistrationUI in Frameworks */,
				F438E7D22CC54B81008652F1 /* FirebaseDatabase in Frameworks */,
				F41AB9532CCD100E009FBDCA /* TooltipsSession in Frameworks */,
				F449713E2C8AB058009CC650 /* LoggerExtensions in Frameworks */,
				F438E7DE2CC54B81008652F1 /* FirebaseRemoteConfig in Frameworks */,
				F438E7FD2CC55FA3008652F1 /* AnalyticsSession in Frameworks */,
				F47795982BE811F300320E63 /* PinLayout in Frameworks */,
				F450BB6E2C96F7F800997982 /* Utils in Frameworks */,
				F41E501E2C8CB0B50095AEBE /* Resources in Frameworks */,
				F438E7CE2CC54B81008652F1 /* FirebaseAuth in Frameworks */,
				F438E7D62CC54B81008652F1 /* FirebaseFirestore in Frameworks */,
				F44AF7012E25032100FB0AAD /* ParticleDissolveEffect in Frameworks */,
				F449713A2C8AB058009CC650 /* FirebaseExtensions in Frameworks */,
			);
			runOnlyForDeploymentPostprocessing = 0;
		};
		F4C3BACF2CC44DF700DB44CF /* Frameworks */ = {
			isa = PBXFrameworksBuildPhase;
			buildActionMask = 2147483647;
			files = (
				F4C3BAD32CC44DF700DB44CF /* Intents.framework in Frameworks */,
				A90110072F8C100000B94C7F /* AyoWidgetCacheStore in Frameworks */,
				A8E731D22F8BE53C00B94C7F /* Dependencies in Frameworks */,
				F45D02DC2CD8097900FE9137 /* HapticsConfiguration in Frameworks */,
			);
			runOnlyForDeploymentPostprocessing = 0;
		};
/* End PBXFrameworksBuildPhase section */

/* Begin PBXGroup section */
		A9B100012F8D900000000001 /* Configuration */ = {
			isa = PBXGroup;
			children = (
				A9B100022F8D900000000001 /* Project.xcconfig */,
				A9B100032F8D900000000001 /* Haptics.xcconfig */,
				A9B100042F8D900000000001 /* Widgets.xcconfig */,
				A9B100052F8D900000000001 /* AyoIntentExtension.xcconfig */,
			);
			path = Configuration;
			sourceTree = "<group>";
		};
		F438E7C92CC548FC008652F1 /* Packages */ = {
			isa = PBXGroup;
			children = (
				A90110012F8C100000B94C7F /* AyoWidgetCacheStore */,
				F44AF6F22E2137C200FB0AAD /* Configurations */,
				F44AF6F32E2137C200FB0AAD /* DataStructures */,
				F44AF6F42E2137C200FB0AAD /* Effects */,
				F44AF6F52E2137C200FB0AAD /* FirebaseExtensions */,
				F44AF6F62E2137C200FB0AAD /* FoundationExtensions */,
				F44AF6F72E2137C200FB0AAD /* LoggerExtensions */,
				F44AF6F82E2137C200FB0AAD /* Resources */,
				F44AF6F92E2137C200FB0AAD /* SharedSessions */,
				F44AF6FA2E2137C200FB0AAD /* SharedUI */,
				F44AF6FB2E2137C200FB0AAD /* UIComponents */,
				F44AF6FC2E2137C200FB0AAD /* UIKitExtensions */,
				F44AF6FD2E2137C200FB0AAD /* Utils */,
				F44AF6F12E2137B800FB0AAD /* CombineExtensions */,
				F41AB9512CCD09AD009FBDCA /* TooltipsSession */,
				F438E7F62CC5524C008652F1 /* AnalyticsSession */,
				F438E7F82CC555C9008652F1 /* ConversationsSession */,
				F4CCC5B22CC6D8310040F6A2 /* LinksFactory */,
				F438E8062CC560EF008652F1 /* ProfileSession */,
				F438E7F72CC553B1008652F1 /* RemoteDataModels */,
				F438E7F92CC55925008652F1 /* StoreSession */,
				F438E7FB2CC55B9C008652F1 /* UniversalActions */,
				F4F609B02CC5B74E000483E1 /* WidgetsSession */,
				F4FC43A32CD51F4B00888289 /* InvitesSession */,
			);
			path = Packages;
			sourceTree = "<group>";
		};
		F47794862BE80FD800320E63 = {
			isa = PBXGroup;
			children = (
				F47794912BE80FD800320E63 /* Haptics */,
				F4C3BAF72CC4585700DB44CF /* Widgets */,
				F4C3BB012CC4585C00DB44CF /* AyoIntentExtension */,
				A9B100012F8D900000000001 /* Configuration */,
				F438E7C92CC548FC008652F1 /* Packages */,
				F47794902BE80FD800320E63 /* Products */,
				F47797502BE8242C00320E63 /* Frameworks */,
			);
			sourceTree = "<group>";
		};
		F47794902BE80FD800320E63 /* Products */ = {
			isa = PBXGroup;
			children = (
				F477948F2BE80FD800320E63 /* Haptics.app */,
				F40635DA2CC4006B00F0493B /* WidgetsExtension.appex */,
				F4C3BAD22CC44DF700DB44CF /* AyoIntentExtension.appex */,
			);
			name = Products;
			sourceTree = "<group>";
		};
		F47794912BE80FD800320E63 /* Haptics */ = {
			isa = PBXGroup;
			children = (
				A80616F72F8AC9E700EAC9F4 /* Resources */,
				A80616692F8AC98D00EAC9F4 /* Sources */,
				F477949D2BE80FD900320E63 /* LaunchScreen.storyboard */,
				F47797482BE81D2800320E63 /* Haptics.entitlements */,
				F47794A02BE80FD900320E63 /* Info.plist */,
				A9B100062F8D900000000001 /* GoogleService-Info.plist.example */,
				F471CAA92CC854A90093FB7E /* AppIntentVocabulary.plist */,
				F47990602CB51F2F000FA9D5 /* PrivacyInfo.xcprivacy */,
			);
			path = Haptics;
			sourceTree = "<group>";
		};
		F47797502BE8242C00320E63 /* Frameworks */ = {
			isa = PBXGroup;
			children = (
				F40635DB2CC4006B00F0493B /* WidgetKit.framework */,
				F40635DD2CC4006B00F0493B /* SwiftUI.framework */,
				F498F2C52CC43FAB00E5DDBC /* Intents.framework */,
			);
			name = Frameworks;
			sourceTree = "<group>";
		};
		F4C3BAF72CC4585700DB44CF /* Widgets */ = {
			isa = PBXGroup;
			children = (
				A806173C2F8ACA0100EAC9F4 /* Resources */,
				A806171F2F8AC9FB00EAC9F4 /* Sources */,
				F4C3BAF62CC4585700DB44CF /* Info.plist */,
				A9B100072F8D900000000001 /* GoogleService-Info.plist.example */,
				F4F609AF2CC5AD7C000483E1 /* WidgetsExtension.entitlements */,
			);
			path = Widgets;
			sourceTree = "<group>";
		};
		F4C3BB012CC4585C00DB44CF /* AyoIntentExtension */ = {
			isa = PBXGroup;
			children = (
				A80617422F8ACA0D00EAC9F4 /* Sources */,
				F4F609AE2CC58BA8000483E1 /* AyoIntentExtension.entitlements */,
				A9B100082F8D900000000001 /* GoogleService-Info.plist.example */,
				F4C3BAFF2CC4585C00DB44CF /* Info.plist */,
			);
			path = AyoIntentExtension;
			sourceTree = "<group>";
		};
/* End PBXGroup section */

/* Begin PBXNativeTarget section */
		F40635D92CC4006B00F0493B /* WidgetsExtension */ = {
			isa = PBXNativeTarget;
			buildConfigurationList = F40635F42CC4006D00F0493B /* Build configuration list for PBXNativeTarget "WidgetsExtension" */;
			buildPhases = (
				F40635D62CC4006B00F0493B /* Sources */,
				F40635D72CC4006B00F0493B /* Frameworks */,
				F40635D82CC4006B00F0493B /* Resources */,
				A9B1000A2F8D900000000001 /* Copy GoogleService-Info.plist */,
			);
			buildRules = (
			);
			dependencies = (
			);
			fileSystemSynchronizedGroups = (
				A806171F2F8AC9FB00EAC9F4 /* Sources */,
				A806173C2F8ACA0100EAC9F4 /* Resources */,
			);
			name = WidgetsExtension;
			packageProductDependencies = (
				F4F6FD922CC57423000483E1 /* Resources */,
				F4F6FDA22CC57959000483E1 /* UIKitExtensions */,
				F4CCC5B52CC6D9620040F6A2 /* LinksFactory */,
				A90110042F8C100000B94C7F /* AyoWidgetCacheStore */,
				F471CAA12CC835280093FB7E /* Dependencies */,
				F45D02D92CD8097200FE9137 /* HapticsConfiguration */,
				A845E7E72F8C080D00E6EE1E /* RemoteDataModels */,
			);
			productName = WidgetsExtension;
			productReference = F40635DA2CC4006B00F0493B /* WidgetsExtension.appex */;
			productType = "com.apple.product-type.app-extension";
		};
		F477948E2BE80FD800320E63 /* Haptics */ = {
			isa = PBXNativeTarget;
			buildConfigurationList = F47794A32BE80FD900320E63 /* Build configuration list for PBXNativeTarget "Haptics" */;
			buildPhases = (
				F477948B2BE80FD800320E63 /* Sources */,
				F477948C2BE80FD800320E63 /* Frameworks */,
				A8C3D0012F8D7E00007968C3 /* Generate Settings Bundle */,
				F477948D2BE80FD800320E63 /* Resources */,
				A9B100092F8D900000000001 /* Copy GoogleService-Info.plist */,
				F40635F02CC4006D00F0493B /* Embed Foundation Extensions */,
				F4C21F032C112C0C00354EF5 /* Crashlytics */,
			);
			buildRules = (
			);
			dependencies = (
				F40635EE2CC4006D00F0493B /* PBXTargetDependency */,
				F4C3BAD92CC44DF700DB44CF /* PBXTargetDependency */,
			);
			fileSystemSynchronizedGroups = (
				A80616692F8AC98D00EAC9F4 /* Sources */,
				A80616F72F8AC9E700EAC9F4 /* Resources */,
			);
			name = Haptics;
			packageProductDependencies = (
				F47795922BE811E700320E63 /* Dependencies */,
				F47795972BE811F300320E63 /* PinLayout */,
				F47797462BE8161E00320E63 /* MCEmojiPicker */,
				F449712F2C8AB058009CC650 /* CombineExtensions */,
				F44971332C8AB058009CC650 /* StateMachine */,
				F44971392C8AB058009CC650 /* FirebaseExtensions */,
				F449713B2C8AB058009CC650 /* FoundationExtensions */,
				F449713D2C8AB058009CC650 /* LoggerExtensions */,
				F449713F2C8AB058009CC650 /* UIComponents */,
				F44971412C8AB058009CC650 /* UIKitExtensions */,
				F41E501D2C8CB0B50095AEBE /* Resources */,
				F41E50212C8CC1670095AEBE /* UIKitPrivateExtensions */,
				F450BB6B2C96F7F800997982 /* CryptoUtils */,
				F450BB6D2C96F7F800997982 /* Utils */,
				F438E7CD2CC54B81008652F1 /* FirebaseAuth */,
				F438E7CF2CC54B81008652F1 /* FirebaseCrashlytics */,
				F438E7D12CC54B81008652F1 /* FirebaseDatabase */,
				F438E7D52CC54B81008652F1 /* FirebaseFirestore */,
				F438E7D92CC54B81008652F1 /* FirebaseMessaging */,
				F438E7DB2CC54B81008652F1 /* FirebasePerformance */,
				F438E7DD2CC54B81008652F1 /* FirebaseRemoteConfig */,
				F438E7FC2CC55FA3008652F1 /* AnalyticsSession */,
				F438E8002CC55FA3008652F1 /* ConversationsSession */,
				F438E8022CC55FA3008652F1 /* RemoteDataModels */,
				F438E8042CC55FA3008652F1 /* StoreSession */,
				F438E8072CC56293008652F1 /* ProfileSession */,
				F4F609B12CC5BD7A000483E1 /* WidgetsSession */,
				A90110022F8C100000B94C7F /* AyoWidgetCacheStore */,
				F4CCC5B32CC6D9170040F6A2 /* LinksFactory */,
				F41AB9522CCD100E009FBDCA /* TooltipsSession */,
				F4FC43A42CD5322F00888289 /* InvitesSession */,
				F43AA43A2CD7E79E006AE0C5 /* AppHealthSession */,
				F43AA43C2CD7E873006AE0C5 /* ForceUpdateUI */,
				F41701BB2CD7F27D00049318 /* HapticsConfiguration */,
				F45D02D12CD8020600FE9137 /* AuthSession */,
				F4EAEAEC2CD8124B00FB1AF4 /* RegistrationUI */,
				F44AF6FE2E25030E00FB0AAD /* WaveDistortionView */,
				F44AF7002E25032100FB0AAD /* ParticleDissolveEffect */,
				A82302582F8AB876007968C3 /* FirebaseAnalyticsCore */,
				A80C03942F8BE53C00B94C7F /* FirebaseAppCheck */,
			);
			productName = Haptics;
			productReference = F477948F2BE80FD800320E63 /* Haptics.app */;
			productType = "com.apple.product-type.application";
		};
		F4C3BAD12CC44DF700DB44CF /* AyoIntentExtension */ = {
			isa = PBXNativeTarget;
			buildConfigurationList = F4C3BADB2CC44DF700DB44CF /* Build configuration list for PBXNativeTarget "AyoIntentExtension" */;
			buildPhases = (
				F4C3BACE2CC44DF700DB44CF /* Sources */,
				F4C3BACF2CC44DF700DB44CF /* Frameworks */,
				F4C3BAD02CC44DF700DB44CF /* Resources */,
				A9B1000B2F8D900000000001 /* Copy GoogleService-Info.plist */,
			);
			buildRules = (
			);
			dependencies = (
			);
			fileSystemSynchronizedGroups = (
				A80617422F8ACA0D00EAC9F4 /* Sources */,
			);
			name = AyoIntentExtension;
			packageProductDependencies = (
				A90110062F8C100000B94C7F /* AyoWidgetCacheStore */,
				F471CAA12CC835280093FB7E /* Dependencies */,
				F45D02DB2CD8097900FE9137 /* HapticsConfiguration */,
			);
			productName = AyoIntentExtension;
			productReference = F4C3BAD22CC44DF700DB44CF /* AyoIntentExtension.appex */;
			productType = "com.apple.product-type.app-extension";
		};
/* End PBXNativeTarget section */

/* Begin PBXProject section */
		F47794872BE80FD800320E63 /* Project object */ = {
			isa = PBXProject;
			attributes = {
				BuildIndependentTargetsInParallel = 1;
				LastSwiftUpdateCheck = 1600;
				LastUpgradeCheck = 2640;
				TargetAttributes = {
					F40635D92CC4006B00F0493B = {
						CreatedOnToolsVersion = 16.0;
					};
					F477948E2BE80FD800320E63 = {
						CreatedOnToolsVersion = 15.3;
					};
					F4C3BAD12CC44DF700DB44CF = {
						CreatedOnToolsVersion = 16.0;
					};
				};
			};
			buildConfigurationList = F477948A2BE80FD800320E63 /* Build configuration list for PBXProject "Haptics" */;
			compatibilityVersion = "Xcode 14.0";
			developmentRegion = en;
			hasScannedForEncodings = 0;
			knownRegions = (
				en,
				Base,
			);
			mainGroup = F47794862BE80FD800320E63;
			packageReferences = (
				F47795912BE811E700320E63 /* XCRemoteSwiftPackageReference "swift-dependencies" */,
				F47795962BE811F300320E63 /* XCRemoteSwiftPackageReference "PinLayout" */,
				F47797452BE8161E00320E63 /* XCRemoteSwiftPackageReference "MCEmojiPicker" */,
				F438E7CA2CC54B81008652F1 /* XCRemoteSwiftPackageReference "firebase-ios-sdk" */,
			);
			productRefGroup = F47794902BE80FD800320E63 /* Products */;
			projectDirPath = "";
			projectRoot = "";
			targets = (
				F477948E2BE80FD800320E63 /* Haptics */,
				F40635D92CC4006B00F0493B /* WidgetsExtension */,
				F4C3BAD12CC44DF700DB44CF /* AyoIntentExtension */,
			);
		};
/* End PBXProject section */

/* Begin PBXResourcesBuildPhase section */
		F40635D82CC4006B00F0493B /* Resources */ = {
			isa = PBXResourcesBuildPhase;
			buildActionMask = 2147483647;
			files = (
			);
			runOnlyForDeploymentPostprocessing = 0;
		};
		F477948D2BE80FD800320E63 /* Resources */ = {
			isa = PBXResourcesBuildPhase;
			buildActionMask = 2147483647;
			files = (
				F471CAAA2CC854A90093FB7E /* AppIntentVocabulary.plist in Resources */,
				F477949F2BE80FD900320E63 /* Base in Resources */,
				F47990612CB51F2F000FA9D5 /* PrivacyInfo.xcprivacy in Resources */,
			);
			runOnlyForDeploymentPostprocessing = 0;
		};
		F4C3BAD02CC44DF700DB44CF /* Resources */ = {
			isa = PBXResourcesBuildPhase;
			buildActionMask = 2147483647;
			files = (
			);
			runOnlyForDeploymentPostprocessing = 0;
		};
/* End PBXResourcesBuildPhase section */

/* Begin PBXShellScriptBuildPhase section */
		A8C3D0012F8D7E00007968C3 /* Generate Settings Bundle */ = {
			isa = PBXShellScriptBuildPhase;
			buildActionMask = 2147483647;
			files = (
			);
			inputFileListPaths = (
			);
			inputPaths = (
				"$(SRCROOT)/Configuration/generate-package-list.sh",
				"$(SRCROOT)/Haptics.xcodeproj/project.pbxproj",
				"$(SRCROOT)/Haptics.xcodeproj/project.xcworkspace/xcshareddata/swiftpm/Package.resolved",
			);
			name = "Generate Settings Bundle";
			outputFileListPaths = (
			);
			outputPaths = (
				"$(SRCROOT)/Haptics/Resources/Settings.bundle",
			);
			runOnlyForDeploymentPostprocessing = 0;
			shellPath = /bin/sh;
			shellScript = "\"${SRCROOT}/Configuration/generate-package-list.sh\"\n";
		};
		A9B100092F8D900000000001 /* Copy GoogleService-Info.plist */ = {
			isa = PBXShellScriptBuildPhase;
			buildActionMask = 2147483647;
			files = (
			);
			inputFileListPaths = (
			);
			inputPaths = (
				"$(SRCROOT)/Configuration/copy-google-service-info.sh",
				"$(GOOGLE_SERVICE_INFO_PLIST_SOURCE)",
			);
			name = "Copy GoogleService-Info.plist";
			outputFileListPaths = (
			);
			outputPaths = (
				"$(TARGET_BUILD_DIR)/$(UNLOCALIZED_RESOURCES_FOLDER_PATH)/GoogleService-Info.plist",
			);
			runOnlyForDeploymentPostprocessing = 0;
			shellPath = /bin/sh;
			shellScript = "/bin/sh \"${SRCROOT}/Configuration/copy-google-service-info.sh\"\n";
		};
		A9B1000A2F8D900000000001 /* Copy GoogleService-Info.plist */ = {
			isa = PBXShellScriptBuildPhase;
			buildActionMask = 2147483647;
			files = (
			);
			inputFileListPaths = (
			);
			inputPaths = (
				"$(SRCROOT)/Configuration/copy-google-service-info.sh",
				"$(GOOGLE_SERVICE_INFO_PLIST_SOURCE)",
			);
			name = "Copy GoogleService-Info.plist";
			outputFileListPaths = (
			);
			outputPaths = (
				"$(TARGET_BUILD_DIR)/$(UNLOCALIZED_RESOURCES_FOLDER_PATH)/GoogleService-Info.plist",
			);
			runOnlyForDeploymentPostprocessing = 0;
			shellPath = /bin/sh;
			shellScript = "/bin/sh \"${SRCROOT}/Configuration/copy-google-service-info.sh\"\n";
		};
		A9B1000B2F8D900000000001 /* Copy GoogleService-Info.plist */ = {
			isa = PBXShellScriptBuildPhase;
			buildActionMask = 2147483647;
			files = (
			);
			inputFileListPaths = (
			);
			inputPaths = (
				"$(SRCROOT)/Configuration/copy-google-service-info.sh",
				"$(GOOGLE_SERVICE_INFO_PLIST_SOURCE)",
			);
			name = "Copy GoogleService-Info.plist";
			outputFileListPaths = (
			);
			outputPaths = (
				"$(TARGET_BUILD_DIR)/$(UNLOCALIZED_RESOURCES_FOLDER_PATH)/GoogleService-Info.plist",
			);
			runOnlyForDeploymentPostprocessing = 0;
			shellPath = /bin/sh;
			shellScript = "/bin/sh \"${SRCROOT}/Configuration/copy-google-service-info.sh\"\n";
		};
		F4C21F032C112C0C00354EF5 /* Crashlytics */ = {
			isa = PBXShellScriptBuildPhase;
			alwaysOutOfDate = 1;
			buildActionMask = 2147483647;
			files = (
			);
			inputFileListPaths = (
			);
			inputPaths = (
				"${DWARF_DSYM_FOLDER_PATH}/${DWARF_DSYM_FILE_NAME}",
				"${DWARF_DSYM_FOLDER_PATH}/${DWARF_DSYM_FILE_NAME}/Contents/Resources/DWARF/${PRODUCT_NAME}",
				"${DWARF_DSYM_FOLDER_PATH}/${DWARF_DSYM_FILE_NAME}/Contents/Info.plist",
				"$(TARGET_BUILD_DIR)/$(UNLOCALIZED_RESOURCES_FOLDER_PATH)/GoogleService-Info.plist",
				"$(TARGET_BUILD_DIR)/$(EXECUTABLE_PATH)",
			);
			name = Crashlytics;
			outputFileListPaths = (
			);
			outputPaths = (
			);
			runOnlyForDeploymentPostprocessing = 0;
			shellPath = /bin/sh;
			shellScript = "if [ \"$CONFIGURATION\" = \"Debug\" ]; then\n  echo \"Skipping Crashlytics in Debug\"\n  exit 0\nfi\n\"${BUILD_DIR%/Build/*}/SourcePackages/checkouts/firebase-ios-sdk/Crashlytics/run\"\n";
		};
/* End PBXShellScriptBuildPhase section */

/* Begin PBXSourcesBuildPhase section */
		F40635D62CC4006B00F0493B /* Sources */ = {
			isa = PBXSourcesBuildPhase;
			buildActionMask = 2147483647;
			files = (
			);
			runOnlyForDeploymentPostprocessing = 0;
		};
		F477948B2BE80FD800320E63 /* Sources */ = {
			isa = PBXSourcesBuildPhase;
			buildActionMask = 2147483647;
			files = (
			);
			runOnlyForDeploymentPostprocessing = 0;
		};
		F4C3BACE2CC44DF700DB44CF /* Sources */ = {
			isa = PBXSourcesBuildPhase;
			buildActionMask = 2147483647;
			files = (
			);
			runOnlyForDeploymentPostprocessing = 0;
		};
/* End PBXSourcesBuildPhase section */

/* Begin PBXTargetDependency section */
		F40635EE2CC4006D00F0493B /* PBXTargetDependency */ = {
			isa = PBXTargetDependency;
			target = F40635D92CC4006B00F0493B /* WidgetsExtension */;
			targetProxy = F40635ED2CC4006D00F0493B /* PBXContainerItemProxy */;
		};
		F4C3BAD92CC44DF700DB44CF /* PBXTargetDependency */ = {
			isa = PBXTargetDependency;
			target = F4C3BAD12CC44DF700DB44CF /* AyoIntentExtension */;
			targetProxy = F4C3BAD82CC44DF700DB44CF /* PBXContainerItemProxy */;
		};
/* End PBXTargetDependency section */

/* Begin PBXVariantGroup section */
		F477949D2BE80FD900320E63 /* LaunchScreen.storyboard */ = {
			isa = PBXVariantGroup;
			children = (
				F477949E2BE80FD900320E63 /* Base */,
			);
			name = LaunchScreen.storyboard;
			sourceTree = "<group>";
		};
/* End PBXVariantGroup section */

/* Begin XCBuildConfiguration section */
		F40635F12CC4006D00F0493B /* Debug */ = {
			isa = XCBuildConfiguration;
			baseConfigurationReference = A9B100042F8D900000000001 /* Widgets.xcconfig */;
			buildSettings = {
				ASSETCATALOG_COMPILER_GLOBAL_ACCENT_COLOR_NAME = AccentColor;
				ASSETCATALOG_COMPILER_WIDGET_BACKGROUND_COLOR_NAME = WidgetBackground;
				CODE_SIGN_ENTITLEMENTS = Widgets/WidgetsExtension.entitlements;
				CODE_SIGN_STYLE = Automatic;
				CURRENT_PROJECT_VERSION = 54;
				GENERATE_INFOPLIST_FILE = YES;
				INFOPLIST_FILE = Widgets/Info.plist;
				INFOPLIST_KEY_CFBundleDisplayName = Widgets;
				INFOPLIST_KEY_NSHumanReadableCopyright = "";
				IPHONEOS_DEPLOYMENT_TARGET = 16.0;
				LD_RUNPATH_SEARCH_PATHS = (
					"$(inherited)",
					"@executable_path/Frameworks",
					"@executable_path/../../Frameworks",
				);
				MARKETING_VERSION = 1.3;
				OTHER_LDFLAGS = "-Objc";
				PRODUCT_NAME = "$(TARGET_NAME)";
				SKIP_INSTALL = YES;
				SUPPORTED_PLATFORMS = "iphoneos iphonesimulator";
				SUPPORTS_MACCATALYST = NO;
				SUPPORTS_MAC_DESIGNED_FOR_IPHONE_IPAD = NO;
				SUPPORTS_XR_DESIGNED_FOR_IPHONE_IPAD = NO;
				SWIFT_EMIT_LOC_STRINGS = YES;
				SWIFT_VERSION = 5.0;
				TARGETED_DEVICE_FAMILY = 1;
			};
			name = Debug;
		};
		F40635F22CC4006D00F0493B /* Release */ = {
			isa = XCBuildConfiguration;
			baseConfigurationReference = A9B100042F8D900000000001 /* Widgets.xcconfig */;
			buildSettings = {
				ASSETCATALOG_COMPILER_GLOBAL_ACCENT_COLOR_NAME = AccentColor;
				ASSETCATALOG_COMPILER_WIDGET_BACKGROUND_COLOR_NAME = WidgetBackground;
				CODE_SIGN_ENTITLEMENTS = Widgets/WidgetsExtension.entitlements;
				CODE_SIGN_STYLE = Automatic;
				CURRENT_PROJECT_VERSION = 54;
				GENERATE_INFOPLIST_FILE = YES;
				INFOPLIST_FILE = Widgets/Info.plist;
				INFOPLIST_KEY_CFBundleDisplayName = Widgets;
				INFOPLIST_KEY_NSHumanReadableCopyright = "";
				IPHONEOS_DEPLOYMENT_TARGET = 16.0;
				LD_RUNPATH_SEARCH_PATHS = (
					"$(inherited)",
					"@executable_path/Frameworks",
					"@executable_path/../../Frameworks",
				);
				MARKETING_VERSION = 1.3;
				OTHER_LDFLAGS = "-Objc";
				PRODUCT_NAME = "$(TARGET_NAME)";
				SKIP_INSTALL = YES;
				SUPPORTED_PLATFORMS = "iphoneos iphonesimulator";
				SUPPORTS_MACCATALYST = NO;
				SUPPORTS_MAC_DESIGNED_FOR_IPHONE_IPAD = NO;
				SUPPORTS_XR_DESIGNED_FOR_IPHONE_IPAD = NO;
				SWIFT_EMIT_LOC_STRINGS = YES;
				SWIFT_VERSION = 5.0;
				TARGETED_DEVICE_FAMILY = 1;
			};
			name = Release;
		};
		F47794A12BE80FD900320E63 /* Debug */ = {
			isa = XCBuildConfiguration;
			baseConfigurationReference = A9B100022F8D900000000001 /* Project.xcconfig */;
			buildSettings = {
				ALWAYS_SEARCH_USER_PATHS = NO;
				ASSETCATALOG_COMPILER_GENERATE_SWIFT_ASSET_SYMBOL_EXTENSIONS = NO;
				CLANG_ANALYZER_NONNULL = YES;
				CLANG_ANALYZER_NUMBER_OBJECT_CONVERSION = YES_AGGRESSIVE;
				CLANG_CXX_LANGUAGE_STANDARD = "gnu++20";
				CLANG_ENABLE_MODULES = YES;
				CLANG_ENABLE_OBJC_ARC = YES;
				CLANG_ENABLE_OBJC_WEAK = YES;
				CLANG_WARN_BLOCK_CAPTURE_AUTORELEASING = YES;
				CLANG_WARN_BOOL_CONVERSION = YES;
				CLANG_WARN_COMMA = YES;
				CLANG_WARN_CONSTANT_CONVERSION = YES;
				CLANG_WARN_DEPRECATED_OBJC_IMPLEMENTATIONS = YES;
				CLANG_WARN_DIRECT_OBJC_ISA_USAGE = YES_ERROR;
				CLANG_WARN_DOCUMENTATION_COMMENTS = YES;
				CLANG_WARN_EMPTY_BODY = YES;
				CLANG_WARN_ENUM_CONVERSION = YES;
				CLANG_WARN_INFINITE_RECURSION = YES;
				CLANG_WARN_INT_CONVERSION = YES;
				CLANG_WARN_NON_LITERAL_NULL_CONVERSION = YES;
				CLANG_WARN_OBJC_IMPLICIT_RETAIN_SELF = YES;
				CLANG_WARN_OBJC_LITERAL_CONVERSION = YES;
				CLANG_WARN_OBJC_ROOT_CLASS = YES_ERROR;
				CLANG_WARN_QUOTED_INCLUDE_IN_FRAMEWORK_HEADER = YES;
				CLANG_WARN_RANGE_LOOP_ANALYSIS = YES;
				CLANG_WARN_STRICT_PROTOTYPES = YES;
				CLANG_WARN_SUSPICIOUS_MOVE = YES;
				CLANG_WARN_UNGUARDED_AVAILABILITY = YES_AGGRESSIVE;
				CLANG_WARN_UNREACHABLE_CODE = YES;
				CLANG_WARN__DUPLICATE_METHOD_MATCH = YES;
				COMPILATION_CACHE_ENABLE_CACHING = YES;
				COPY_PHASE_STRIP = NO;
				DEAD_CODE_STRIPPING = NO;
				DEBUG_INFORMATION_FORMAT = "dwarf-with-dsym";
				EAGER_LINKING = YES;
				ENABLE_STRICT_OBJC_MSGSEND = YES;
				ENABLE_TESTABILITY = YES;
				ENABLE_USER_SCRIPT_SANDBOXING = NO;
				GCC_C_LANGUAGE_STANDARD = gnu17;
				GCC_DYNAMIC_NO_PIC = NO;
				GCC_NO_COMMON_BLOCKS = YES;
				GCC_OPTIMIZATION_LEVEL = 0;
				GCC_PREPROCESSOR_DEFINITIONS = (
					"DEBUG=1",
					"$(inherited)",
				);
				GCC_WARN_64_TO_32_BIT_CONVERSION = YES;
				GCC_WARN_ABOUT_RETURN_TYPE = YES_ERROR;
				GCC_WARN_UNDECLARED_SELECTOR = YES;
				GCC_WARN_UNINITIALIZED_AUTOS = YES_AGGRESSIVE;
				GCC_WARN_UNUSED_FUNCTION = YES;
				GCC_WARN_UNUSED_VARIABLE = YES;
				INTENTS_CODEGEN_LANGUAGE = Swift;
				IPHONEOS_DEPLOYMENT_TARGET = 16.0;
				LOCALIZATION_PREFERS_STRING_CATALOGS = YES;
				MTL_ENABLE_DEBUG_INFO = INCLUDE_SOURCE;
				MTL_FAST_MATH = YES;
				ONLY_ACTIVE_ARCH = YES;
				SDKROOT = iphoneos;
				SWIFT_ACTIVE_COMPILATION_CONDITIONS = "DEBUG $(inherited)";
				SWIFT_ENABLE_EXPLICIT_MODULES = YES;
				SWIFT_OPTIMIZATION_LEVEL = "-Onone";
			};
			name = Debug;
		};
		F47794A22BE80FD900320E63 /* Release */ = {
			isa = XCBuildConfiguration;
			baseConfigurationReference = A9B100022F8D900000000001 /* Project.xcconfig */;
			buildSettings = {
				ALWAYS_SEARCH_USER_PATHS = NO;
				ASSETCATALOG_COMPILER_GENERATE_SWIFT_ASSET_SYMBOL_EXTENSIONS = NO;
				CLANG_ANALYZER_NONNULL = YES;
				CLANG_ANALYZER_NUMBER_OBJECT_CONVERSION = YES_AGGRESSIVE;
				CLANG_CXX_LANGUAGE_STANDARD = "gnu++20";
				CLANG_ENABLE_MODULES = YES;
				CLANG_ENABLE_OBJC_ARC = YES;
				CLANG_ENABLE_OBJC_WEAK = YES;
				CLANG_WARN_BLOCK_CAPTURE_AUTORELEASING = YES;
				CLANG_WARN_BOOL_CONVERSION = YES;
				CLANG_WARN_COMMA = YES;
				CLANG_WARN_CONSTANT_CONVERSION = YES;
				CLANG_WARN_DEPRECATED_OBJC_IMPLEMENTATIONS = YES;
				CLANG_WARN_DIRECT_OBJC_ISA_USAGE = YES_ERROR;
				CLANG_WARN_DOCUMENTATION_COMMENTS = YES;
				CLANG_WARN_EMPTY_BODY = YES;
				CLANG_WARN_ENUM_CONVERSION = YES;
				CLANG_WARN_INFINITE_RECURSION = YES;
				CLANG_WARN_INT_CONVERSION = YES;
				CLANG_WARN_NON_LITERAL_NULL_CONVERSION = YES;
				CLANG_WARN_OBJC_IMPLICIT_RETAIN_SELF = YES;
				CLANG_WARN_OBJC_LITERAL_CONVERSION = YES;
				CLANG_WARN_OBJC_ROOT_CLASS = YES_ERROR;
				CLANG_WARN_QUOTED_INCLUDE_IN_FRAMEWORK_HEADER = YES;
				CLANG_WARN_RANGE_LOOP_ANALYSIS = YES;
				CLANG_WARN_STRICT_PROTOTYPES = YES;
				CLANG_WARN_SUSPICIOUS_MOVE = YES;
				CLANG_WARN_UNGUARDED_AVAILABILITY = YES_AGGRESSIVE;
				CLANG_WARN_UNREACHABLE_CODE = YES;
				CLANG_WARN__DUPLICATE_METHOD_MATCH = YES;
				COPY_PHASE_STRIP = NO;
				DEAD_CODE_STRIPPING = NO;
				DEBUG_INFORMATION_FORMAT = dwarf;
				ENABLE_NS_ASSERTIONS = NO;
				ENABLE_STRICT_OBJC_MSGSEND = YES;
				ENABLE_USER_SCRIPT_SANDBOXING = NO;
				GCC_C_LANGUAGE_STANDARD = gnu17;
				GCC_NO_COMMON_BLOCKS = YES;
				GCC_WARN_64_TO_32_BIT_CONVERSION = YES;
				GCC_WARN_ABOUT_RETURN_TYPE = YES_ERROR;
				GCC_WARN_UNDECLARED_SELECTOR = YES;
				GCC_WARN_UNINITIALIZED_AUTOS = YES_AGGRESSIVE;
				GCC_WARN_UNUSED_FUNCTION = YES;
				GCC_WARN_UNUSED_VARIABLE = YES;
				INTENTS_CODEGEN_LANGUAGE = Swift;
				IPHONEOS_DEPLOYMENT_TARGET = 16.0;
				LOCALIZATION_PREFERS_STRING_CATALOGS = YES;
				MTL_ENABLE_DEBUG_INFO = NO;
				MTL_FAST_MATH = YES;
				SDKROOT = iphoneos;
				SWIFT_COMPILATION_MODE = wholemodule;
				SWIFT_ENABLE_EXPLICIT_MODULES = YES;
				VALIDATE_PRODUCT = YES;
			};
			name = Release;
		};
		F47794A42BE80FD900320E63 /* Debug */ = {
			isa = XCBuildConfiguration;
			baseConfigurationReference = A9B100032F8D900000000001 /* Haptics.xcconfig */;
			buildSettings = {
				ASSETCATALOG_COMPILER_APPICON_NAME = AppIcon;
				ASSETCATALOG_COMPILER_GLOBAL_ACCENT_COLOR_NAME = AccentColor;
				CODE_SIGN_ENTITLEMENTS = Haptics/Haptics.entitlements;
				CODE_SIGN_STYLE = Automatic;
				CURRENT_PROJECT_VERSION = 54;
				DEBUG_INFORMATION_FORMAT = dwarf;
				GENERATE_INFOPLIST_FILE = YES;
				INFOPLIST_FILE = Haptics/Info.plist;
				INFOPLIST_KEY_CFBundleDisplayName = Haptics;
				INFOPLIST_KEY_LSApplicationCategoryType = "public.app-category.social-networking";
				INFOPLIST_KEY_UIApplicationSupportsIndirectInputEvents = YES;
				INFOPLIST_KEY_UILaunchStoryboardName = LaunchScreen;
				INFOPLIST_KEY_UISupportedInterfaceOrientations = UIInterfaceOrientationPortrait;
				INFOPLIST_KEY_UISupportedInterfaceOrientations_iPad = "UIInterfaceOrientationLandscapeLeft UIInterfaceOrientationLandscapeRight UIInterfaceOrientationPortrait UIInterfaceOrientationPortraitUpsideDown";
				INFOPLIST_KEY_UIUserInterfaceStyle = Dark;
				IPHONEOS_DEPLOYMENT_TARGET = 16.0;
				LD_RUNPATH_SEARCH_PATHS = (
					"$(inherited)",
					"@executable_path/Frameworks",
				);
				MARKETING_VERSION = 1.3;
				OTHER_LDFLAGS = "-Objc";
				PRODUCT_NAME = "$(TARGET_NAME)";
				SUPPORTED_PLATFORMS = "iphoneos iphonesimulator";
				SUPPORTS_MACCATALYST = NO;
				SUPPORTS_MAC_DESIGNED_FOR_IPHONE_IPAD = NO;
				SUPPORTS_XR_DESIGNED_FOR_IPHONE_IPAD = NO;
				SWIFT_EMIT_LOC_STRINGS = YES;
				SWIFT_VERSION = 5.0;
				TARGETED_DEVICE_FAMILY = 1;
			};
			name = Debug;
		};
		F47794A52BE80FD900320E63 /* Release */ = {
			isa = XCBuildConfiguration;
			baseConfigurationReference = A9B100032F8D900000000001 /* Haptics.xcconfig */;
			buildSettings = {
				ASSETCATALOG_COMPILER_APPICON_NAME = AppIcon;
				ASSETCATALOG_COMPILER_GLOBAL_ACCENT_COLOR_NAME = AccentColor;
				CODE_SIGN_ENTITLEMENTS = Haptics/Haptics.entitlements;
				CODE_SIGN_STYLE = Automatic;
				CURRENT_PROJECT_VERSION = 54;
				DEBUG_INFORMATION_FORMAT = "dwarf-with-dsym";
				GENERATE_INFOPLIST_FILE = YES;
				INFOPLIST_FILE = Haptics/Info.plist;
				INFOPLIST_KEY_CFBundleDisplayName = Haptics;
				INFOPLIST_KEY_LSApplicationCategoryType = "public.app-category.social-networking";
				INFOPLIST_KEY_UIApplicationSupportsIndirectInputEvents = YES;
				INFOPLIST_KEY_UILaunchStoryboardName = LaunchScreen;
				INFOPLIST_KEY_UISupportedInterfaceOrientations = UIInterfaceOrientationPortrait;
				INFOPLIST_KEY_UISupportedInterfaceOrientations_iPad = "UIInterfaceOrientationLandscapeLeft UIInterfaceOrientationLandscapeRight UIInterfaceOrientationPortrait UIInterfaceOrientationPortraitUpsideDown";
				INFOPLIST_KEY_UIUserInterfaceStyle = Dark;
				IPHONEOS_DEPLOYMENT_TARGET = 16.0;
				LD_RUNPATH_SEARCH_PATHS = (
					"$(inherited)",
					"@executable_path/Frameworks",
				);
				MARKETING_VERSION = 1.3;
				OTHER_LDFLAGS = "-Objc";
				PRODUCT_NAME = "$(TARGET_NAME)";
				SUPPORTED_PLATFORMS = "iphoneos iphonesimulator";
				SUPPORTS_MACCATALYST = NO;
				SUPPORTS_MAC_DESIGNED_FOR_IPHONE_IPAD = NO;
				SUPPORTS_XR_DESIGNED_FOR_IPHONE_IPAD = NO;
				SWIFT_EMIT_LOC_STRINGS = YES;
				SWIFT_VERSION = 5.0;
				TARGETED_DEVICE_FAMILY = 1;
			};
			name = Release;
		};
		F4C3BADC2CC44DF700DB44CF /* Debug */ = {
			isa = XCBuildConfiguration;
			baseConfigurationReference = A9B100052F8D900000000001 /* AyoIntentExtension.xcconfig */;
			buildSettings = {
				CODE_SIGN_ENTITLEMENTS = AyoIntentExtension/AyoIntentExtension.entitlements;
				CODE_SIGN_STYLE = Automatic;
				CURRENT_PROJECT_VERSION = 54;
				GENERATE_INFOPLIST_FILE = YES;
				INFOPLIST_FILE = AyoIntentExtension/Info.plist;
				INFOPLIST_KEY_CFBundleDisplayName = AyoIntentExtension;
				INFOPLIST_KEY_NSHumanReadableCopyright = "";
				IPHONEOS_DEPLOYMENT_TARGET = 18.0;
				LD_RUNPATH_SEARCH_PATHS = (
					"$(inherited)",
					"@executable_path/Frameworks",
					"@executable_path/../../Frameworks",
				);
				MARKETING_VERSION = 1.3;
				OTHER_LDFLAGS = "-Objc";
				PRODUCT_NAME = "$(TARGET_NAME)";
				SKIP_INSTALL = YES;
				SWIFT_EMIT_LOC_STRINGS = YES;
				SWIFT_VERSION = 5.0;
				TARGETED_DEVICE_FAMILY = "1,2";
			};
			name = Debug;
		};
		F4C3BADD2CC44DF700DB44CF /* Release */ = {
			isa = XCBuildConfiguration;
			baseConfigurationReference = A9B100052F8D900000000001 /* AyoIntentExtension.xcconfig */;
			buildSettings = {
				CODE_SIGN_ENTITLEMENTS = AyoIntentExtension/AyoIntentExtension.entitlements;
				CODE_SIGN_STYLE = Automatic;
				CURRENT_PROJECT_VERSION = 54;
				GENERATE_INFOPLIST_FILE = YES;
				INFOPLIST_FILE = AyoIntentExtension/Info.plist;
				INFOPLIST_KEY_CFBundleDisplayName = AyoIntentExtension;
				INFOPLIST_KEY_NSHumanReadableCopyright = "";
				IPHONEOS_DEPLOYMENT_TARGET = 18.0;
				LD_RUNPATH_SEARCH_PATHS = (
					"$(inherited)",
					"@executable_path/Frameworks",
					"@executable_path/../../Frameworks",
				);
				MARKETING_VERSION = 1.3;
				OTHER_LDFLAGS = "-Objc";
				PRODUCT_NAME = "$(TARGET_NAME)";
				SKIP_INSTALL = YES;
				SWIFT_EMIT_LOC_STRINGS = YES;
				SWIFT_VERSION = 5.0;
				TARGETED_DEVICE_FAMILY = "1,2";
			};
			name = Release;
		};
/* End XCBuildConfiguration section */

/* Begin XCConfigurationList section */
		F40635F42CC4006D00F0493B /* Build configuration list for PBXNativeTarget "WidgetsExtension" */ = {
			isa = XCConfigurationList;
			buildConfigurations = (
				F40635F12CC4006D00F0493B /* Debug */,
				F40635F22CC4006D00F0493B /* Release */,
			);
			defaultConfigurationIsVisible = 0;
			defaultConfigurationName = Release;
		};
		F477948A2BE80FD800320E63 /* Build configuration list for PBXProject "Haptics" */ = {
			isa = XCConfigurationList;
			buildConfigurations = (
				F47794A12BE80FD900320E63 /* Debug */,
				F47794A22BE80FD900320E63 /* Release */,
			);
			defaultConfigurationIsVisible = 0;
			defaultConfigurationName = Release;
		};
		F47794A32BE80FD900320E63 /* Build configuration list for PBXNativeTarget "Haptics" */ = {
			isa = XCConfigurationList;
			buildConfigurations = (
				F47794A42BE80FD900320E63 /* Debug */,
				F47794A52BE80FD900320E63 /* Release */,
			);
			defaultConfigurationIsVisible = 0;
			defaultConfigurationName = Release;
		};
		F4C3BADB2CC44DF700DB44CF /* Build configuration list for PBXNativeTarget "AyoIntentExtension" */ = {
			isa = XCConfigurationList;
			buildConfigurations = (
				F4C3BADC2CC44DF700DB44CF /* Debug */,
				F4C3BADD2CC44DF700DB44CF /* Release */,
			);
			defaultConfigurationIsVisible = 0;
			defaultConfigurationName = Release;
		};
/* End XCConfigurationList section */

/* Begin XCRemoteSwiftPackageReference section */
		F438E7CA2CC54B81008652F1 /* XCRemoteSwiftPackageReference "firebase-ios-sdk" */ = {
			isa = XCRemoteSwiftPackageReference;
			repositoryURL = "https://github.com/firebase/firebase-ios-sdk";
			requirement = {
				kind = upToNextMajorVersion;
				minimumVersion = 12.12.0;
			};
		};
		F47795912BE811E700320E63 /* XCRemoteSwiftPackageReference "swift-dependencies" */ = {
			isa = XCRemoteSwiftPackageReference;
			repositoryURL = "https://github.com/pointfreeco/swift-dependencies";
			requirement = {
				kind = upToNextMajorVersion;
				minimumVersion = 1.12.0;
			};
		};
		F47795962BE811F300320E63 /* XCRemoteSwiftPackageReference "PinLayout" */ = {
			isa = XCRemoteSwiftPackageReference;
			repositoryURL = "https://github.com/layoutBox/PinLayout.git";
			requirement = {
				kind = upToNextMajorVersion;
				minimumVersion = 1.10.6;
			};
		};
		F47797452BE8161E00320E63 /* XCRemoteSwiftPackageReference "MCEmojiPicker" */ = {
			isa = XCRemoteSwiftPackageReference;
			repositoryURL = "https://github.com/izyumkin/MCEmojiPicker";
			requirement = {
				kind = upToNextMajorVersion;
				minimumVersion = 1.2.5;
			};
		};
/* End XCRemoteSwiftPackageReference section */

/* Begin XCSwiftPackageProductDependency section */
		A80C03942F8BE53C00B94C7F /* FirebaseAppCheck */ = {
			isa = XCSwiftPackageProductDependency;
			package = F438E7CA2CC54B81008652F1 /* XCRemoteSwiftPackageReference "firebase-ios-sdk" */;
			productName = FirebaseAppCheck;
		};
		A82302582F8AB876007968C3 /* FirebaseAnalyticsCore */ = {
			isa = XCSwiftPackageProductDependency;
			package = F438E7CA2CC54B81008652F1 /* XCRemoteSwiftPackageReference "firebase-ios-sdk" */;
			productName = FirebaseAnalyticsCore;
		};
		A845E7E72F8C080D00E6EE1E /* RemoteDataModels */ = {
			isa = XCSwiftPackageProductDependency;
			productName = RemoteDataModels;
		};
		A90110022F8C100000B94C7F /* AyoWidgetCacheStore */ = {
			isa = XCSwiftPackageProductDependency;
			productName = AyoWidgetCacheStore;
		};
		A90110042F8C100000B94C7F /* AyoWidgetCacheStore */ = {
			isa = XCSwiftPackageProductDependency;
			productName = AyoWidgetCacheStore;
		};
		A90110062F8C100000B94C7F /* AyoWidgetCacheStore */ = {
			isa = XCSwiftPackageProductDependency;
			productName = AyoWidgetCacheStore;
		};
		F41701BB2CD7F27D00049318 /* HapticsConfiguration */ = {
			isa = XCSwiftPackageProductDependency;
			productName = HapticsConfiguration;
		};
		F41AB9522CCD100E009FBDCA /* TooltipsSession */ = {
			isa = XCSwiftPackageProductDependency;
			productName = TooltipsSession;
		};
		F41E501D2C8CB0B50095AEBE /* Resources */ = {
			isa = XCSwiftPackageProductDependency;
			productName = Resources;
		};
		F41E50212C8CC1670095AEBE /* UIKitPrivateExtensions */ = {
			isa = XCSwiftPackageProductDependency;
			productName = UIKitPrivateExtensions;
		};
		F438E7CD2CC54B81008652F1 /* FirebaseAuth */ = {
			isa = XCSwiftPackageProductDependency;
			package = F438E7CA2CC54B81008652F1 /* XCRemoteSwiftPackageReference "firebase-ios-sdk" */;
			productName = FirebaseAuth;
		};
		F438E7CF2CC54B81008652F1 /* FirebaseCrashlytics */ = {
			isa = XCSwiftPackageProductDependency;
			package = F438E7CA2CC54B81008652F1 /* XCRemoteSwiftPackageReference "firebase-ios-sdk" */;
			productName = FirebaseCrashlytics;
		};
		F438E7D12CC54B81008652F1 /* FirebaseDatabase */ = {
			isa = XCSwiftPackageProductDependency;
			package = F438E7CA2CC54B81008652F1 /* XCRemoteSwiftPackageReference "firebase-ios-sdk" */;
			productName = FirebaseDatabase;
		};
		F438E7D52CC54B81008652F1 /* FirebaseFirestore */ = {
			isa = XCSwiftPackageProductDependency;
			package = F438E7CA2CC54B81008652F1 /* XCRemoteSwiftPackageReference "firebase-ios-sdk" */;
			productName = FirebaseFirestore;
		};
		F438E7D92CC54B81008652F1 /* FirebaseMessaging */ = {
			isa = XCSwiftPackageProductDependency;
			package = F438E7CA2CC54B81008652F1 /* XCRemoteSwiftPackageReference "firebase-ios-sdk" */;
			productName = FirebaseMessaging;
		};
		F438E7DB2CC54B81008652F1 /* FirebasePerformance */ = {
			isa = XCSwiftPackageProductDependency;
			package = F438E7CA2CC54B81008652F1 /* XCRemoteSwiftPackageReference "firebase-ios-sdk" */;
			productName = FirebasePerformance;
		};
		F438E7DD2CC54B81008652F1 /* FirebaseRemoteConfig */ = {
			isa = XCSwiftPackageProductDependency;
			package = F438E7CA2CC54B81008652F1 /* XCRemoteSwiftPackageReference "firebase-ios-sdk" */;
			productName = FirebaseRemoteConfig;
		};
		F438E7FC2CC55FA3008652F1 /* AnalyticsSession */ = {
			isa = XCSwiftPackageProductDependency;
			productName = AnalyticsSession;
		};
		F438E8002CC55FA3008652F1 /* ConversationsSession */ = {
			isa = XCSwiftPackageProductDependency;
			productName = ConversationsSession;
		};
		F438E8022CC55FA3008652F1 /* RemoteDataModels */ = {
			isa = XCSwiftPackageProductDependency;
			productName = RemoteDataModels;
		};
		F438E8042CC55FA3008652F1 /* StoreSession */ = {
			isa = XCSwiftPackageProductDependency;
			productName = StoreSession;
		};
		F438E8072CC56293008652F1 /* ProfileSession */ = {
			isa = XCSwiftPackageProductDependency;
			productName = ProfileSession;
		};
		F43AA43A2CD7E79E006AE0C5 /* AppHealthSession */ = {
			isa = XCSwiftPackageProductDependency;
			productName = AppHealthSession;
		};
		F43AA43C2CD7E873006AE0C5 /* ForceUpdateUI */ = {
			isa = XCSwiftPackageProductDependency;
			productName = ForceUpdateUI;
		};
		F449712F2C8AB058009CC650 /* CombineExtensions */ = {
			isa = XCSwiftPackageProductDependency;
			productName = CombineExtensions;
		};
		F44971332C8AB058009CC650 /* StateMachine */ = {
			isa = XCSwiftPackageProductDependency;
			productName = StateMachine;
		};
		F44971392C8AB058009CC650 /* FirebaseExtensions */ = {
			isa = XCSwiftPackageProductDependency;
			productName = FirebaseExtensions;
		};
		F449713B2C8AB058009CC650 /* FoundationExtensions */ = {
			isa = XCSwiftPackageProductDependency;
			productName = FoundationExtensions;
		};
		F449713D2C8AB058009CC650 /* LoggerExtensions */ = {
			isa = XCSwiftPackageProductDependency;
			productName = LoggerExtensions;
		};
		F449713F2C8AB058009CC650 /* UIComponents */ = {
			isa = XCSwiftPackageProductDependency;
			productName = UIComponents;
		};
		F44971412C8AB058009CC650 /* UIKitExtensions */ = {
			isa = XCSwiftPackageProductDependency;
			productName = UIKitExtensions;
		};
		F44AF6FE2E25030E00FB0AAD /* WaveDistortionView */ = {
			isa = XCSwiftPackageProductDependency;
			productName = WaveDistortionView;
		};
		F44AF7002E25032100FB0AAD /* ParticleDissolveEffect */ = {
			isa = XCSwiftPackageProductDependency;
			productName = ParticleDissolveEffect;
		};
		F450BB6B2C96F7F800997982 /* CryptoUtils */ = {
			isa = XCSwiftPackageProductDependency;
			productName = CryptoUtils;
		};
		F450BB6D2C96F7F800997982 /* Utils */ = {
			isa = XCSwiftPackageProductDependency;
			productName = Utils;
		};
		F45D02D12CD8020600FE9137 /* AuthSession */ = {
			isa = XCSwiftPackageProductDependency;
			productName = AuthSession;
		};
		F45D02D92CD8097200FE9137 /* HapticsConfiguration */ = {
			isa = XCSwiftPackageProductDependency;
			productName = HapticsConfiguration;
		};
		F45D02DB2CD8097900FE9137 /* HapticsConfiguration */ = {
			isa = XCSwiftPackageProductDependency;
			productName = HapticsConfiguration;
		};
		F471CAA12CC835280093FB7E /* Dependencies */ = {
			isa = XCSwiftPackageProductDependency;
			package = F47795912BE811E700320E63 /* XCRemoteSwiftPackageReference "swift-dependencies" */;
			productName = Dependencies;
		};
		F47795922BE811E700320E63 /* Dependencies */ = {
			isa = XCSwiftPackageProductDependency;
			package = F47795912BE811E700320E63 /* XCRemoteSwiftPackageReference "swift-dependencies" */;
			productName = Dependencies;
		};
		F47795972BE811F300320E63 /* PinLayout */ = {
			isa = XCSwiftPackageProductDependency;
			package = F47795962BE811F300320E63 /* XCRemoteSwiftPackageReference "PinLayout" */;
			productName = PinLayout;
		};
		F47797462BE8161E00320E63 /* MCEmojiPicker */ = {
			isa = XCSwiftPackageProductDependency;
			package = F47797452BE8161E00320E63 /* XCRemoteSwiftPackageReference "MCEmojiPicker" */;
			productName = MCEmojiPicker;
		};
		F4CCC5B32CC6D9170040F6A2 /* LinksFactory */ = {
			isa = XCSwiftPackageProductDependency;
			productName = LinksFactory;
		};
		F4CCC5B52CC6D9620040F6A2 /* LinksFactory */ = {
			isa = XCSwiftPackageProductDependency;
			productName = LinksFactory;
		};
		F4EAEAEC2CD8124B00FB1AF4 /* RegistrationUI */ = {
			isa = XCSwiftPackageProductDependency;
			productName = RegistrationUI;
		};
		F4F609B12CC5BD7A000483E1 /* WidgetsSession */ = {
			isa = XCSwiftPackageProductDependency;
			productName = WidgetsSession;
		};
		F4F6FD922CC57423000483E1 /* Resources */ = {
			isa = XCSwiftPackageProductDependency;
			productName = Resources;
		};
		F4F6FDA22CC57959000483E1 /* UIKitExtensions */ = {
			isa = XCSwiftPackageProductDependency;
			productName = UIKitExtensions;
		};
		F4FC43A42CD5322F00888289 /* InvitesSession */ = {
			isa = XCSwiftPackageProductDependency;
			productName = InvitesSession;
		};
/* End XCSwiftPackageProductDependency section */
	};
	rootObject = F47794872BE80FD800320E63 /* Project object */;
}
